
Microsoft Visual Studio Solution File, Format Version 12.00
# Visual Studio 15
VisualStudioVersion = 15.0.26206.0
MinimumVisualStudioVersion = 10.0.40219.1
Project("{FAE04EC0-301F-11D3-BF4B-00C04F79EFBC}") = "WPFUI", "WPFUI\WPFUI.csproj", "{D98D5EA2-55C7-492A-A59B-C45DCDE90B74}"
EndProject
Project("{FAE04EC0-301F-11D3-BF4B-00C04F79EFBC}") = "Engine", "Engine\Engine.csproj", "{C6709D5A-3D1F-41BC-B0E2-4D05BC02B7F1}"
EndProject
Global
	GlobalSection(SolutionConfigurationPlatforms) = preSolution
		Debug|Any CPU = Debug|Any CPU
		Release|Any CPU = Release|Any CPU
	EndGlobalSection
	GlobalSection(ProjectConfigurationPlatforms) = postSolution
		{D98D5EA2-55C7-492A-A59B-C45DCDE90B74}.Debug|Any CPU.ActiveCfg = Debug|Any CPU
		{D98D5EA2-55C7-492A-A59B-C45DCDE90B74}.Debug|Any CPU.Build.0 = Debug|Any CPU
		{D98D5EA2-55C7-492A-A59B-C45DCDE90B74}.Release|Any CPU.ActiveCfg = Release|Any CPU
		{D98D5EA2-55C7-492A-A59B-C45DCDE90B74}.Release|Any CPU.Build.0 = Release|Any CPU
		{C6709D5A-3D1F-41BC-B0E2-4D05BC02B7F1}.Debug|Any CPU.ActiveCfg = Debug|Any CPU
		{C6709D5A-3D1F-41BC-B0E2-4D05BC02B7F1}.Debug|Any CPU.Build.0 = Debug|Any CPU
		{C6709D5A-3D1F-41BC-B0E2-4D05BC02B7F1}.Release|Any CPU.ActiveCfg = Release|Any CPU
		{C6709D5A-3D1F-41BC-B0E2-4D05BC02B7F1}.Release|Any CPU.Build.0 = Release|Any CPU
	EndGlobalSection
	GlobalSection(SolutionProperties) = preSolution
		HideSolutionNode = FALSE
	EndGlobalSection
	GlobalSection(ExtensibilityGlobals) = postSolution
		VisualSVNWorkingCopyRoot = .
	EndGlobalSection
EndGlobal
